
Microsoft Visual Studio Solution File, Format Version 12.00
# Visual Studio 15
VisualStudioVersion = 15.0.28307.705
MinimumVisualStudioVersion = 10.0.40219.1
Project("{9A19103F-16F7-4668-BE54-9A1E7A4F7556}") = "iGrade.Api", "iGrade.Api\iGrade.Api.csproj", "{10DE2A76-E45E-4863-81AA-699E1166C670}"
EndProject
Project("{9A19103F-16F7-4668-BE54-9A1E7A4F7556}") = "iGrade.Repository", "iGrade.Repository\iGrade.Repository.csproj", "{2DD95169-6181-4A88-8E8D-BABD3AC0864F}"
EndProject
Project("{9A19103F-16F7-4668-BE54-9A1E7A4F7556}") = "iGrade.Core", "iGrade.Service\iGrade.Core.csproj", "{C6B9500D-CE5B-4FDC-8EA2-34B348CD9422}"
EndProject
Project("{9A19103F-16F7-4668-BE54-9A1E7A4F7556}") = "iGrade.Domain", "iGrade.Domain\iGrade.Domain.csproj", "{4491B0CF-8079-4418-828D-4C7BEFC04EFB}"
EndProject
Project("{9A19103F-16F7-4668-BE54-9A1E7A4F7556}") = "iGrade.Reporting", "iGrade.Reporting\iGrade.Reporting.csproj", "{9B0ACABF-2459-4FD3-A874-BFCE7FED6E03}"
EndProject
Project("{FAE04EC0-301F-11D3-BF4B-00C04F79EFBC}") = "Avo", "Avo\Avo.csproj", "{10DD092E-2C28-4DED-9DCD-86F935F57C64}"
EndProject
Global
	GlobalSection(SolutionConfigurationPlatforms) = preSolution
		Debug|Any CPU = Debug|Any CPU
		Release|Any CPU = Release|Any CPU
	EndGlobalSection
	GlobalSection(ProjectConfigurationPlatforms) = postSolution
		{10DE2A76-E45E-4863-81AA-699E1166C670}.Debug|Any CPU.ActiveCfg = Debug|Any CPU
		{10DE2A76-E45E-4863-81AA-699E1166C670}.Debug|Any CPU.Build.0 = Debug|Any CPU
		{10DE2A76-E45E-4863-81AA-699E1166C670}.Release|Any CPU.ActiveCfg = Release|Any CPU
		{10DE2A76-E45E-4863-81AA-699E1166C670}.Release|Any CPU.Build.0 = Release|Any CPU
		{2DD95169-6181-4A88-8E8D-BABD3AC0864F}.Debug|Any CPU.ActiveCfg = Debug|Any CPU
		{2DD95169-6181-4A88-8E8D-BABD3AC0864F}.Debug|Any CPU.Build.0 = Debug|Any CPU
		{2DD95169-6181-4A88-8E8D-BABD3AC0864F}.Release|Any CPU.ActiveCfg = Release|Any CPU
		{2DD95169-6181-4A88-8E8D-BABD3AC0864F}.Release|Any CPU.Build.0 = Release|Any CPU
		{C6B9500D-CE5B-4FDC-8EA2-34B348CD9422}.Debug|Any CPU.ActiveCfg = Debug|Any CPU
		{C6B9500D-CE5B-4FDC-8EA2-34B348CD9422}.Debug|Any CPU.Build.0 = Debug|Any CPU
		{C6B9500D-CE5B-4FDC-8EA2-34B348CD9422}.Release|Any CPU.ActiveCfg = Release|Any CPU
		{C6B9500D-CE5B-4FDC-8EA2-34B348CD9422}.Release|Any CPU.Build.0 = Release|Any CPU
		{4491B0CF-8079-4418-828D-4C7BEFC04EFB}.Debug|Any CPU.ActiveCfg = Debug|Any CPU
		{4491B0CF-8079-4418-828D-4C7BEFC04EFB}.Debug|Any CPU.Build.0 = Debug|Any CPU
		{4491B0CF-8079-4418-828D-4C7BEFC04EFB}.Release|Any CPU.ActiveCfg = Release|Any CPU
		{4491B0CF-8079-4418-828D-4C7BEFC04EFB}.Release|Any CPU.Build.0 = Release|Any CPU
		{9B0ACABF-2459-4FD3-A874-BFCE7FED6E03}.Debug|Any CPU.ActiveCfg = Debug|Any CPU
		{9B0ACABF-2459-4FD3-A874-BFCE7FED6E03}.Debug|Any CPU.Build.0 = Debug|Any CPU
		{9B0ACABF-2459-4FD3-A874-BFCE7FED6E03}.Release|Any CPU.ActiveCfg = Release|Any CPU
		{9B0ACABF-2459-4FD3-A874-BFCE7FED6E03}.Release|Any CPU.Build.0 = Release|Any CPU
		{10DD092E-2C28-4DED-9DCD-86F935F57C64}.Debug|Any CPU.ActiveCfg = Debug|Any CPU
		{10DD092E-2C28-4DED-9DCD-86F935F57C64}.Debug|Any CPU.Build.0 = Debug|Any CPU
		{10DD092E-2C28-4DED-9DCD-86F935F57C64}.Release|Any CPU.ActiveCfg = Release|Any CPU
		{10DD092E-2C28-4DED-9DCD-86F935F57C64}.Release|Any CPU.Build.0 = Release|Any CPU
	EndGlobalSection
	GlobalSection(SolutionProperties) = preSolution
		HideSolutionNode = FALSE
	EndGlobalSection
	GlobalSection(ExtensibilityGlobals) = postSolution
		SolutionGuid = {DC68E05F-95DC-42E4-B378-9707766CA21D}
	EndGlobalSection
EndGlobal
